
Microsoft Visual Studio Solution File, Format Version 12.00
# Visual Studio Version 16
VisualStudioVersion = 16.0.32002.261
MinimumVisualStudioVersion = 10.0.40219.1
Project("{FAE04EC0-301F-11D3-BF4B-00C04F79EFBC}") = "ServerCodeRest_20190140077_Indra Setyo Wibowo", "ServerCodeRest_20190140077_Indra Setyo Wibowo\ServerCodeRest_20190140077_Indra Setyo Wibowo.csproj", "{1852C343-C47C-4542-A56A-3957299D554F}"
EndProject
Global
	GlobalSection(SolutionConfigurationPlatforms) = preSolution
		Debug|Any CPU = Debug|Any CPU
		Release|Any CPU = Release|Any CPU
	EndGlobalSection
	GlobalSection(ProjectConfigurationPlatforms) = postSolution
		{1852C343-C47C-4542-A56A-3957299D554F}.Debug|Any CPU.ActiveCfg = Debug|Any CPU
		{1852C343-C47C-4542-A56A-3957299D554F}.Debug|Any CPU.Build.0 = Debug|Any CPU
		{1852C343-C47C-4542-A56A-3957299D554F}.Release|Any CPU.ActiveCfg = Release|Any CPU
		{1852C343-C47C-4542-A56A-3957299D554F}.Release|Any CPU.Build.0 = Release|Any CPU
	EndGlobalSection
	GlobalSection(SolutionProperties) = preSolution
		HideSolutionNode = FALSE
	EndGlobalSection
	GlobalSection(ExtensibilityGlobals) = postSolution
		SolutionGuid = {7098987A-DEAF-456A-89C8-5E00B496A353}
	EndGlobalSection
EndGlobal
